
Microsoft Visual Studio Solution File, Format Version 12.00
# Visual Studio 15
VisualStudioVersion = 15.0.27130.2027
MinimumVisualStudioVersion = 10.0.40219.1
Project("{2150E333-8FDC-42A3-9474-1A3956D46DE8}") = "src", "src", "{D2B669E1-3FF9-4176-9D28-1EB42CA0F3F0}"
EndProject
Project("{9A19103F-16F7-4668-BE54-9A1E7A4F7556}") = "EasyRabbitMQ", "src\EasyRabbitMQ\EasyRabbitMQ.csproj", "{6BA0C82C-A487-469E-9802-91112698195B}"
EndProject
Project("{9A19103F-16F7-4668-BE54-9A1E7A4F7556}") = "EasyRabbitMQ.Autofac", "src\EasyRabbitMQ.Autofac\EasyRabbitMQ.Autofac.csproj", "{27363D29-B3AC-4CD4-A5AB-253A15406A96}"
EndProject
Project("{9A19103F-16F7-4668-BE54-9A1E7A4F7556}") = "EasyRabbitMQ.Log4Net", "src\EasyRabbitMQ.Log4Net\EasyRabbitMQ.Log4Net.csproj", "{AA8F6778-BE0E-40B9-881E-186C6DA33408}"
EndProject
Project("{9A19103F-16F7-4668-BE54-9A1E7A4F7556}") = "EasyRabbitMQ.Ninject", "src\EasyRabbitMQ.Ninject\EasyRabbitMQ.Ninject.csproj", "{D7BA73A1-3A37-45D5-B6CD-1EA71BBDB87E}"
EndProject
Global
	GlobalSection(SolutionConfigurationPlatforms) = preSolution
		Debug|Any CPU = Debug|Any CPU
		Release|Any CPU = Release|Any CPU
	EndGlobalSection
	GlobalSection(ProjectConfigurationPlatforms) = postSolution
		{6BA0C82C-A487-469E-9802-91112698195B}.Debug|Any CPU.ActiveCfg = Debug|Any CPU
		{6BA0C82C-A487-469E-9802-91112698195B}.Debug|Any CPU.Build.0 = Debug|Any CPU
		{6BA0C82C-A487-469E-9802-91112698195B}.Release|Any CPU.ActiveCfg = Release|Any CPU
		{6BA0C82C-A487-469E-9802-91112698195B}.Release|Any CPU.Build.0 = Release|Any CPU
		{27363D29-B3AC-4CD4-A5AB-253A15406A96}.Debug|Any CPU.ActiveCfg = Debug|Any CPU
		{27363D29-B3AC-4CD4-A5AB-253A15406A96}.Debug|Any CPU.Build.0 = Debug|Any CPU
		{27363D29-B3AC-4CD4-A5AB-253A15406A96}.Release|Any CPU.ActiveCfg = Release|Any CPU
		{27363D29-B3AC-4CD4-A5AB-253A15406A96}.Release|Any CPU.Build.0 = Release|Any CPU
		{AA8F6778-BE0E-40B9-881E-186C6DA33408}.Debug|Any CPU.ActiveCfg = Debug|Any CPU
		{AA8F6778-BE0E-40B9-881E-186C6DA33408}.Debug|Any CPU.Build.0 = Debug|Any CPU
		{AA8F6778-BE0E-40B9-881E-186C6DA33408}.Release|Any CPU.ActiveCfg = Release|Any CPU
		{AA8F6778-BE0E-40B9-881E-186C6DA33408}.Release|Any CPU.Build.0 = Release|Any CPU
		{D7BA73A1-3A37-45D5-B6CD-1EA71BBDB87E}.Debug|Any CPU.ActiveCfg = Debug|Any CPU
		{D7BA73A1-3A37-45D5-B6CD-1EA71BBDB87E}.Debug|Any CPU.Build.0 = Debug|Any CPU
		{D7BA73A1-3A37-45D5-B6CD-1EA71BBDB87E}.Release|Any CPU.ActiveCfg = Release|Any CPU
		{D7BA73A1-3A37-45D5-B6CD-1EA71BBDB87E}.Release|Any CPU.Build.0 = Release|Any CPU
	EndGlobalSection
	GlobalSection(SolutionProperties) = preSolution
		HideSolutionNode = FALSE
	EndGlobalSection
	GlobalSection(NestedProjects) = preSolution
		{6BA0C82C-A487-469E-9802-91112698195B} = {D2B669E1-3FF9-4176-9D28-1EB42CA0F3F0}
		{27363D29-B3AC-4CD4-A5AB-253A15406A96} = {D2B669E1-3FF9-4176-9D28-1EB42CA0F3F0}
		{AA8F6778-BE0E-40B9-881E-186C6DA33408} = {D2B669E1-3FF9-4176-9D28-1EB42CA0F3F0}
		{D7BA73A1-3A37-45D5-B6CD-1EA71BBDB87E} = {D2B669E1-3FF9-4176-9D28-1EB42CA0F3F0}
	EndGlobalSection
	GlobalSection(ExtensibilityGlobals) = postSolution
		SolutionGuid = {A3B6E131-9383-4815-AD23-340A2B9C77E6}
	EndGlobalSection
EndGlobal
