
Microsoft Visual Studio Solution File, Format Version 12.00
# Visual Studio 14
VisualStudioVersion = 14.0.25123.0
MinimumVisualStudioVersion = 10.0.40219.1
Project("{FAE04EC0-301F-11D3-BF4B-00C04F79EFBC}") = "EasyRabbitMQ", "EasyRabbitMQ\EasyRabbitMQ.csproj", "{760953CD-E2C6-4B78-AC02-55D2A759BA19}"
EndProject
Project("{FAE04EC0-301F-11D3-BF4B-00C04F79EFBC}") = "EasyRabbitMQ.Autofac", "EasyRabbitMQ.Autofac\EasyRabbitMQ.Autofac.csproj", "{78F540CF-7DD7-46A8-9AF1-0BEEDF97184F}"
EndProject
Project("{FAE04EC0-301F-11D3-BF4B-00C04F79EFBC}") = "EasyRabbitMQ.Ninject", "EasyRabbitMQ.Ninject\EasyRabbitMQ.Ninject.csproj", "{ABC55AA5-9B66-4D0A-971A-70C932B9A9D9}"
EndProject
Project("{FAE04EC0-301F-11D3-BF4B-00C04F79EFBC}") = "EasyRabbitMQ.Log4Net", "EasyRabbitMQ.Log4Net\EasyRabbitMQ.Log4Net.csproj", "{1B8C0580-DF41-4A0E-8587-56CF9709BF74}"
EndProject
Global
	GlobalSection(SolutionConfigurationPlatforms) = preSolution
		Debug|Any CPU = Debug|Any CPU
		Release|Any CPU = Release|Any CPU
	EndGlobalSection
	GlobalSection(ProjectConfigurationPlatforms) = postSolution
		{760953CD-E2C6-4B78-AC02-55D2A759BA19}.Debug|Any CPU.ActiveCfg = Debug|Any CPU
		{760953CD-E2C6-4B78-AC02-55D2A759BA19}.Debug|Any CPU.Build.0 = Debug|Any CPU
		{760953CD-E2C6-4B78-AC02-55D2A759BA19}.Release|Any CPU.ActiveCfg = Release|Any CPU
		{760953CD-E2C6-4B78-AC02-55D2A759BA19}.Release|Any CPU.Build.0 = Release|Any CPU
		{78F540CF-7DD7-46A8-9AF1-0BEEDF97184F}.Debug|Any CPU.ActiveCfg = Debug|Any CPU
		{78F540CF-7DD7-46A8-9AF1-0BEEDF97184F}.Debug|Any CPU.Build.0 = Debug|Any CPU
		{78F540CF-7DD7-46A8-9AF1-0BEEDF97184F}.Release|Any CPU.ActiveCfg = Release|Any CPU
		{78F540CF-7DD7-46A8-9AF1-0BEEDF97184F}.Release|Any CPU.Build.0 = Release|Any CPU
		{ABC55AA5-9B66-4D0A-971A-70C932B9A9D9}.Debug|Any CPU.ActiveCfg = Debug|Any CPU
		{ABC55AA5-9B66-4D0A-971A-70C932B9A9D9}.Debug|Any CPU.Build.0 = Debug|Any CPU
		{ABC55AA5-9B66-4D0A-971A-70C932B9A9D9}.Release|Any CPU.ActiveCfg = Release|Any CPU
		{ABC55AA5-9B66-4D0A-971A-70C932B9A9D9}.Release|Any CPU.Build.0 = Release|Any CPU
		{1B8C0580-DF41-4A0E-8587-56CF9709BF74}.Debug|Any CPU.ActiveCfg = Debug|Any CPU
		{1B8C0580-DF41-4A0E-8587-56CF9709BF74}.Debug|Any CPU.Build.0 = Debug|Any CPU
		{1B8C0580-DF41-4A0E-8587-56CF9709BF74}.Release|Any CPU.ActiveCfg = Release|Any CPU
		{1B8C0580-DF41-4A0E-8587-56CF9709BF74}.Release|Any CPU.Build.0 = Release|Any CPU
	EndGlobalSection
	GlobalSection(SolutionProperties) = preSolution
		HideSolutionNode = FALSE
	EndGlobalSection
EndGlobal
